<?xml version="1.0" encoding="utf-8"?>
<Project ToolsVersion="4.0" xmlns="http://schemas.microsoft.com/developer/msbuild/2003">
  <ItemGroup>
    <Filter Include="Source files">
      <UniqueIdentifier>{e9ef35e3-c788-4117-ab94-a72000ae8808}</UniqueIdentifier>
      <Extensions>cpp;c;cc;cxx;def;odl;idl;hpj;bat;asm;asmx</Extensions>
    </Filter>
    <Filter Include="Header files">
      <UniqueIdentifier>{570d59e2-cb54-4e65-b01c-e873254d307f}</UniqueIdentifier>
      <Extensions>h;hpp;hxx;hm;inl;inc;xsd</Extensions>
    </Filter>
    <Filter Include="Resource files">
      <UniqueIdentifier>{911dba2a-ca2f-4e50-a150-2623de4d854c}</UniqueIdentifier>
      <Extensions>rc;ico;cur;bmp;dlg;rc2;rct;bin;rgs;gif;jpg;jpeg;jpe;resx;tiff;tif;png;wav</Extensions>
    </Filter>
    <Filter Include="Make files">
      <UniqueIdentifier>{31235c78-f08d-4ebe-88d7-235e8dc48bd7}</UniqueIdentifier>
      <Extensions>*.mak</Extensions>
    </Filter>
  </ItemGroup>
  <ItemGroup>
    <None Include="Makefile" />
    <None Include="debug.mak">
      <Filter>Make files</Filter>
    </None>
    <None Include="release.mak">
      <Filter>Make files</Filter>
    </None>
  </ItemGroup>
  <ItemGroup>
    <ClCompile Include="PowerPi.cpp">
      <Filter>Source files</Filter>
    </ClCompile>
    <ClCompile Include="baseband.cpp">
      <Filter>Source files</Filter>
    </ClCompile>
    <ClCompile Include="bitbuffer.cpp">
      <Filter>Source files</Filter>
    </ClCompile>
    <ClCompile Include="pulse_demod.cpp">
      <Filter>Source files</Filter>
    </ClCompile>
    <ClCompile Include="pulse_detect.cpp">
      <Filter>Source files</Filter>
    </ClCompile>
    <ClCompile Include="util.cpp">
      <Filter>Source files</Filter>
    </ClCompile>
    <ClCompile Include="Logging.cpp">
      <Filter>Source files</Filter>
    </ClCompile>
  </ItemGroup>
  <ItemGroup>
    <ClInclude Include="Logging.h">
      <Filter>Header files</Filter>
    </ClInclude>
    <ClInclude Include="baseband.h">
      <Filter>Header files</Filter>
    </ClInclude>
    <ClInclude Include="bitbuffer.h">
      <Filter>Header files</Filter>
    </ClInclude>
    <ClInclude Include="pulse_demod.h">
      <Filter>Header files</Filter>
    </ClInclude>
    <ClInclude Include="pulse_detect.h">
      <Filter>Header files</Filter>
    </ClInclude>
    <ClInclude Include="util.h">
      <Filter>Header files</Filter>
    </ClInclude>
    <ClInclude Include="PowerPi.h">
      <Filter>Header files</Filter>
    </ClInclude>
  </ItemGroup>
</Project>